
Microsoft Visual Studio Solution File, Format Version 12.00
# Visual Studio Version 16
VisualStudioVersion = 16.0.29503.13
MinimumVisualStudioVersion = 10.0.40219.1
Project("{9A19103F-16F7-4668-BE54-9A1E7A4F7556}") = "TestCharts", "TestCharts\TestCharts.csproj", "{D0C8CC70-2D38-4744-8BB6-1F7BE293389C}"
EndProject
Global
	GlobalSection(SolutionConfigurationPlatforms) = preSolution
		Debug|Any CPU = Debug|Any CPU
		Release|Any CPU = Release|Any CPU
	EndGlobalSection
	GlobalSection(ProjectConfigurationPlatforms) = postSolution
		{D0C8CC70-2D38-4744-8BB6-1F7BE293389C}.Debug|Any CPU.ActiveCfg = Debug|Any CPU
		{D0C8CC70-2D38-4744-8BB6-1F7BE293389C}.Debug|Any CPU.Build.0 = Debug|Any CPU
		{D0C8CC70-2D38-4744-8BB6-1F7BE293389C}.Release|Any CPU.ActiveCfg = Release|Any CPU
		{D0C8CC70-2D38-4744-8BB6-1F7BE293389C}.Release|Any CPU.Build.0 = Release|Any CPU
	EndGlobalSection
	GlobalSection(SolutionProperties) = preSolution
		HideSolutionNode = FALSE
	EndGlobalSection
	GlobalSection(ExtensibilityGlobals) = postSolution
		SolutionGuid = {335A3229-97F1-43BA-905E-6E2185678851}
	EndGlobalSection
EndGlobal
